
Microsoft Visual Studio Solution File, Format Version 12.00
# Visual Studio Version 16
VisualStudioVersion = 16.0.29709.97
MinimumVisualStudioVersion = 10.0.40219.1
Project("{FAE04EC0-301F-11D3-BF4B-00C04F79EFBC}") = "PatientEnrollment", "PatientEnrollment\PatientEnrollment.csproj", "{A6B86E02-EC33-459A-9379-73A8BD9467F1}"
EndProject
Global
	GlobalSection(SolutionConfigurationPlatforms) = preSolution
		Debug|Any CPU = Debug|Any CPU
		Release|Any CPU = Release|Any CPU
	EndGlobalSection
	GlobalSection(ProjectConfigurationPlatforms) = postSolution
		{A6B86E02-EC33-459A-9379-73A8BD9467F1}.Debug|Any CPU.ActiveCfg = Debug|Any CPU
		{A6B86E02-EC33-459A-9379-73A8BD9467F1}.Debug|Any CPU.Build.0 = Debug|Any CPU
		{A6B86E02-EC33-459A-9379-73A8BD9467F1}.Release|Any CPU.ActiveCfg = Release|Any CPU
		{A6B86E02-EC33-459A-9379-73A8BD9467F1}.Release|Any CPU.Build.0 = Release|Any CPU
	EndGlobalSection
	GlobalSection(SolutionProperties) = preSolution
		HideSolutionNode = FALSE
	EndGlobalSection
	GlobalSection(ExtensibilityGlobals) = postSolution
		SolutionGuid = {D077DE25-0C7F-4B22-AB91-60BBE92BB6CF}
	EndGlobalSection
EndGlobal
